// !$*UTF8*$!
{
	archiveVersion = 1;
	classes = {
	};
	objectVersion = 46;
	objects = {

/* Begin PBXBuildFile section */
		BDBAA15BC806A1225502D75B /* libPods.a in Frameworks */ = {isa = PBXBuildFile; fileRef = BDC56300FE5CE75247C55F6F /* libPods.a */; };
		FEEE5C8F1B01933F009C1280 /* AppDelegate.swift in Sources */ = {isa = PBXBuildFile; fileRef = FEEE5C8E1B01933F009C1280 /* AppDelegate.swift */; };
		FEEE5C911B01933F009C1280 /* ViewController.swift in Sources */ = {isa = PBXBuildFile; fileRef = FEEE5C901B01933F009C1280 /* ViewController.swift */; };
		FEEE5C941B01933F009C1280 /* Main.storyboard in Resources */ = {isa = PBXBuildFile; fileRef = FEEE5C921B01933F009C1280 /* Main.storyboard */; };
		FEEE5C961B01933F009C1280 /* Images.xcassets in Resources */ = {isa = PBXBuildFile; fileRef = FEEE5C951B01933F009C1280 /* Images.xcassets */; };
		FEEE5C991B01933F009C1280 /* LaunchScreen.xib in Resources */ = {isa = PBXBuildFile; fileRef = FEEE5C971B01933F009C1280 /* LaunchScreen.xib */; };
		FEEE5CA51B01933F009C1280 /* FriendlyFeedTests.swift in Sources */ = {isa = PBXBuildFile; fileRef = FEEE5CA41B01933F009C1280 /* FriendlyFeedTests.swift */; };
		FEEE5CB61B019BDB009C1280 /* FeedViewController.swift in Sources */ = {isa = PBXBuildFile; fileRef = FEEE5CB51B019BDB009C1280 /* FeedViewController.swift */; };
		FEEE5CBC1B019C59009C1280 /* Evaluator.swift in Sources */ = {isa = PBXBuildFile; fileRef = FEEE5CB71B019C59009C1280 /* Evaluator.swift */; };
		FEEE5CBD1B019C59009C1280 /* Getter.swift in Sources */ = {isa = PBXBuildFile; fileRef = FEEE5CB81B019C59009C1280 /* Getter.swift */; };
		FEEE5CBE1B019C59009C1280 /* Immutable.swift in Sources */ = {isa = PBXBuildFile; fileRef = FEEE5CB91B019C59009C1280 /* Immutable.swift */; };
		FEEE5CBF1B019C59009C1280 /* Reactor.swift in Sources */ = {isa = PBXBuildFile; fileRef = FEEE5CBA1B019C59009C1280 /* Reactor.swift */; };
		FEEE5CC01B019C59009C1280 /* Store.swift in Sources */ = {isa = PBXBuildFile; fileRef = FEEE5CBB1B019C59009C1280 /* Store.swift */; };
		FEEE5CC31B019CDE009C1280 /* Stores.swift in Sources */ = {isa = PBXBuildFile; fileRef = FEEE5CC21B019CDE009C1280 /* Stores.swift */; };
		FEEE5CCE1B02E308009C1280 /* PhotoCell.swift in Sources */ = {isa = PBXBuildFile; fileRef = FEEE5CCC1B02E308009C1280 /* PhotoCell.swift */; };
		FEEE5CCF1B02E308009C1280 /* PhotoCell.xib in Resources */ = {isa = PBXBuildFile; fileRef = FEEE5CCD1B02E308009C1280 /* PhotoCell.xib */; };
		FEEE5CD21B02E443009C1280 /* StatusCell.swift in Sources */ = {isa = PBXBuildFile; fileRef = FEEE5CD01B02E443009C1280 /* StatusCell.swift */; };
		FEEE5CD31B02E443009C1280 /* StatusCell.xib in Resources */ = {isa = PBXBuildFile; fileRef = FEEE5CD11B02E443009C1280 /* StatusCell.xib */; };
/* End PBXBuildFile section */

/* Begin PBXContainerItemProxy section */
		FEEE5C9F1B01933F009C1280 /* PBXContainerItemProxy */ = {
			isa = PBXContainerItemProxy;
			containerPortal = FEEE5C811B01933F009C1280 /* Project object */;
			proxyType = 1;
			remoteGlobalIDString = FEEE5C881B01933F009C1280;
			remoteInfo = FriendlyFeed;
		};
/* End PBXContainerItemProxy section */

/* Begin PBXFileReference section */
		3929793341C3B6BB99B66D70 /* Pods.release.xcconfig */ = {isa = PBXFileReference; includeInIndex = 1; lastKnownFileType = text.xcconfig; name = Pods.release.xcconfig; path = "Pods/Target Support Files/Pods/Pods.release.xcconfig"; sourceTree = "<group>"; };
		74309AC8453F19E871F8ABF0 /* Pods.debug.xcconfig */ = {isa = PBXFileReference; includeInIndex = 1; lastKnownFileType = text.xcconfig; name = Pods.debug.xcconfig; path = "Pods/Target Support Files/Pods/Pods.debug.xcconfig"; sourceTree = "<group>"; };
		BDC56300FE5CE75247C55F6F /* libPods.a */ = {isa = PBXFileReference; explicitFileType = archive.ar; includeInIndex = 0; path = libPods.a; sourceTree = BUILT_PRODUCTS_DIR; };
		FEEE5C891B01933F009C1280 /* FriendlyFeed.app */ = {isa = PBXFileReference; explicitFileType = wrapper.application; includeInIndex = 0; path = FriendlyFeed.app; sourceTree = BUILT_PRODUCTS_DIR; };
		FEEE5C8D1B01933F009C1280 /* Info.plist */ = {isa = PBXFileReference; lastKnownFileType = text.plist.xml; path = Info.plist; sourceTree = "<group>"; };
		FEEE5C8E1B01933F009C1280 /* AppDelegate.swift */ = {isa = PBXFileReference; lastKnownFileType = sourcecode.swift; path = AppDelegate.swift; sourceTree = "<group>"; };
		FEEE5C901B01933F009C1280 /* ViewController.swift */ = {isa = PBXFileReference; lastKnownFileType = sourcecode.swift; path = ViewController.swift; sourceTree = "<group>"; };
		FEEE5C931B01933F009C1280 /* Base */ = {isa = PBXFileReference; lastKnownFileType = file.storyboard; name = Base; path = Base.lproj/Main.storyboard; sourceTree = "<group>"; };
		FEEE5C951B01933F009C1280 /* Images.xcassets */ = {isa = PBXFileReference; lastKnownFileType = folder.assetcatalog; path = Images.xcassets; sourceTree = "<group>"; };
		FEEE5C981B01933F009C1280 /* Base */ = {isa = PBXFileReference; lastKnownFileType = file.xib; name = Base; path = Base.lproj/LaunchScreen.xib; sourceTree = "<group>"; };
		FEEE5C9E1B01933F009C1280 /* FriendlyFeedTests.xctest */ = {isa = PBXFileReference; explicitFileType = wrapper.cfbundle; includeInIndex = 0; path = FriendlyFeedTests.xctest; sourceTree = BUILT_PRODUCTS_DIR; };
		FEEE5CA31B01933F009C1280 /* Info.plist */ = {isa = PBXFileReference; lastKnownFileType = text.plist.xml; path = Info.plist; sourceTree = "<group>"; };
		FEEE5CA41B01933F009C1280 /* FriendlyFeedTests.swift */ = {isa = PBXFileReference; lastKnownFileType = sourcecode.swift; path = FriendlyFeedTests.swift; sourceTree = "<group>"; };
		FEEE5CAE1B0194CE009C1280 /* FriendlyFeed-Bridging-Header.h */ = {isa = PBXFileReference; lastKnownFileType = sourcecode.c.h; path = "FriendlyFeed-Bridging-Header.h"; sourceTree = "<group>"; };
		FEEE5CB51B019BDB009C1280 /* FeedViewController.swift */ = {isa = PBXFileReference; fileEncoding = 4; lastKnownFileType = sourcecode.swift; path = FeedViewController.swift; sourceTree = "<group>"; };
		FEEE5CB71B019C59009C1280 /* Evaluator.swift */ = {isa = PBXFileReference; fileEncoding = 4; lastKnownFileType = sourcecode.swift; path = Evaluator.swift; sourceTree = "<group>"; };
		FEEE5CB81B019C59009C1280 /* Getter.swift */ = {isa = PBXFileReference; fileEncoding = 4; lastKnownFileType = sourcecode.swift; path = Getter.swift; sourceTree = "<group>"; };
		FEEE5CB91B019C59009C1280 /* Immutable.swift */ = {isa = PBXFileReference; fileEncoding = 4; lastKnownFileType = sourcecode.swift; path = Immutable.swift; sourceTree = "<group>"; };
		FEEE5CBA1B019C59009C1280 /* Reactor.swift */ = {isa = PBXFileReference; fileEncoding = 4; lastKnownFileType = sourcecode.swift; path = Reactor.swift; sourceTree = "<group>"; };
		FEEE5CBB1B019C59009C1280 /* Store.swift */ = {isa = PBXFileReference; fileEncoding = 4; lastKnownFileType = sourcecode.swift; path = Store.swift; sourceTree = "<group>"; };
		FEEE5CC21B019CDE009C1280 /* Stores.swift */ = {isa = PBXFileReference; fileEncoding = 4; lastKnownFileType = sourcecode.swift; path = Stores.swift; sourceTree = "<group>"; };
		FEEE5CCC1B02E308009C1280 /* PhotoCell.swift */ = {isa = PBXFileReference; fileEncoding = 4; lastKnownFileType = sourcecode.swift; path = PhotoCell.swift; sourceTree = "<group>"; };
		FEEE5CCD1B02E308009C1280 /* PhotoCell.xib */ = {isa = PBXFileReference; fileEncoding = 4; lastKnownFileType = file.xib; path = PhotoCell.xib; sourceTree = "<group>"; };
		FEEE5CD01B02E443009C1280 /* StatusCell.swift */ = {isa = PBXFileReference; fileEncoding = 4; lastKnownFileType = sourcecode.swift; path = StatusCell.swift; sourceTree = "<group>"; };
		FEEE5CD11B02E443009C1280 /* StatusCell.xib */ = {isa = PBXFileReference; fileEncoding = 4; lastKnownFileType = file.xib; path = StatusCell.xib; sourceTree = "<group>"; };
/* End PBXFileReference section */

/* Begin PBXFrameworksBuildPhase section */
		FEEE5C861B01933F009C1280 /* Frameworks */ = {
			isa = PBXFrameworksBuildPhase;
			buildActionMask = 2147483647;
			files = (
				BDBAA15BC806A1225502D75B /* libPods.a in Frameworks */,
			);
			runOnlyForDeploymentPostprocessing = 0;
		};
		FEEE5C9B1B01933F009C1280 /* Frameworks */ = {
			isa = PBXFrameworksBuildPhase;
			buildActionMask = 2147483647;
			files = (
			);
			runOnlyForDeploymentPostprocessing = 0;
		};
/* End PBXFrameworksBuildPhase section */

/* Begin PBXGroup section */
		0C845F97CC9D4D57F4C50C62 /* Pods */ = {
			isa = PBXGroup;
			children = (
				74309AC8453F19E871F8ABF0 /* Pods.debug.xcconfig */,
				3929793341C3B6BB99B66D70 /* Pods.release.xcconfig */,
			);
			name = Pods;
			sourceTree = "<group>";
		};
		DEAC316B6F0A749891630C5A /* Frameworks */ = {
			isa = PBXGroup;
			children = (
				BDC56300FE5CE75247C55F6F /* libPods.a */,
			);
			name = Frameworks;
			sourceTree = "<group>";
		};
		FEEE5C801B01933F009C1280 = {
			isa = PBXGroup;
			children = (
				FEEE5C8B1B01933F009C1280 /* FriendlyFeed */,
				FEEE5CA11B01933F009C1280 /* FriendlyFeedTests */,
				FEEE5C8A1B01933F009C1280 /* Products */,
				0C845F97CC9D4D57F4C50C62 /* Pods */,
				DEAC316B6F0A749891630C5A /* Frameworks */,
			);
			sourceTree = "<group>";
		};
		FEEE5C8A1B01933F009C1280 /* Products */ = {
			isa = PBXGroup;
			children = (
				FEEE5C891B01933F009C1280 /* FriendlyFeed.app */,
				FEEE5C9E1B01933F009C1280 /* FriendlyFeedTests.xctest */,
			);
			name = Products;
			sourceTree = "<group>";
		};
		FEEE5C8B1B01933F009C1280 /* FriendlyFeed */ = {
			isa = PBXGroup;
			children = (
				FEEE5CC11B019C64009C1280 /* Nuclear */,
				FEEE5C8E1B01933F009C1280 /* AppDelegate.swift */,
				FEEE5C901B01933F009C1280 /* ViewController.swift */,
				FEEE5C921B01933F009C1280 /* Main.storyboard */,
				FEEE5C951B01933F009C1280 /* Images.xcassets */,
				FEEE5C971B01933F009C1280 /* LaunchScreen.xib */,
				FEEE5C8C1B01933F009C1280 /* Supporting Files */,
				FEEE5CAE1B0194CE009C1280 /* FriendlyFeed-Bridging-Header.h */,
				FEEE5CB51B019BDB009C1280 /* FeedViewController.swift */,
				FEEE5CC21B019CDE009C1280 /* Stores.swift */,
				FEEE5CCC1B02E308009C1280 /* PhotoCell.swift */,
				FEEE5CCD1B02E308009C1280 /* PhotoCell.xib */,
				FEEE5CD01B02E443009C1280 /* StatusCell.swift */,
				FEEE5CD11B02E443009C1280 /* StatusCell.xib */,
			);
			path = FriendlyFeed;
			sourceTree = "<group>";
		};
		FEEE5C8C1B01933F009C1280 /* Supporting Files */ = {
			isa = PBXGroup;
			children = (
				FEEE5C8D1B01933F009C1280 /* Info.plist */,
			);
			name = "Supporting Files";
			sourceTree = "<group>";
		};
		FEEE5CA11B01933F009C1280 /* FriendlyFeedTests */ = {
			isa = PBXGroup;
			children = (
				FEEE5CA41B01933F009C1280 /* FriendlyFeedTests.swift */,
				FEEE5CA21B01933F009C1280 /* Supporting Files */,
			);
			path = FriendlyFeedTests;
			sourceTree = "<group>";
		};
		FEEE5CA21B01933F009C1280 /* Supporting Files */ = {
			isa = PBXGroup;
			children = (
				FEEE5CA31B01933F009C1280 /* Info.plist */,
			);
			name = "Supporting Files";
			sourceTree = "<group>";
		};
		FEEE5CC11B019C64009C1280 /* Nuclear */ = {
			isa = PBXGroup;
			children = (
				FEEE5CB71B019C59009C1280 /* Evaluator.swift */,
				FEEE5CB81B019C59009C1280 /* Getter.swift */,
				FEEE5CB91B019C59009C1280 /* Immutable.swift */,
				FEEE5CBA1B019C59009C1280 /* Reactor.swift */,
				FEEE5CBB1B019C59009C1280 /* Store.swift */,
			);
			name = Nuclear;
			sourceTree = "<group>";
		};
/* End PBXGroup section */

/* Begin PBXNativeTarget section */
		FEEE5C881B01933F009C1280 /* FriendlyFeed */ = {
			isa = PBXNativeTarget;
			buildConfigurationList = FEEE5CA81B01933F009C1280 /* Build configuration list for PBXNativeTarget "FriendlyFeed" */;
			buildPhases = (
				AE96E82A2A81BFC89F51F0E1 /* Check Pods Manifest.lock */,
				FEEE5C851B01933F009C1280 /* Sources */,
				FEEE5C861B01933F009C1280 /* Frameworks */,
				FEEE5C871B01933F009C1280 /* Resources */,
				28610332B44AC1CA8AECFB40 /* Copy Pods Resources */,
			);
			buildRules = (
			);
			dependencies = (
			);
			name = FriendlyFeed;
			productName = FriendlyFeed;
			productReference = FEEE5C891B01933F009C1280 /* FriendlyFeed.app */;
			productType = "com.apple.product-type.application";
		};
		FEEE5C9D1B01933F009C1280 /* FriendlyFeedTests */ = {
			isa = PBXNativeTarget;
			buildConfigurationList = FEEE5CAB1B01933F009C1280 /* Build configuration list for PBXNativeTarget "FriendlyFeedTests" */;
			buildPhases = (
				FEEE5C9A1B01933F009C1280 /* Sources */,
				FEEE5C9B1B01933F009C1280 /* Frameworks */,
				FEEE5C9C1B01933F009C1280 /* Resources */,
			);
			buildRules = (
			);
			dependencies = (
				FEEE5CA01B01933F009C1280 /* PBXTargetDependency */,
			);
			name = FriendlyFeedTests;
			productName = FriendlyFeedTests;
			productReference = FEEE5C9E1B01933F009C1280 /* FriendlyFeedTests.xctest */;
			productType = "com.apple.product-type.bundle.unit-test";
		};
/* End PBXNativeTarget section */

/* Begin PBXProject section */
		FEEE5C811B01933F009C1280 /* Project object */ = {
			isa = PBXProject;
			attributes = {
				LastUpgradeCheck = 0630;
				ORGANIZATIONNAME = "Josiah Gaskin";
				TargetAttributes = {
					FEEE5C881B01933F009C1280 = {
						CreatedOnToolsVersion = 6.3.1;
					};
					FEEE5C9D1B01933F009C1280 = {
						CreatedOnToolsVersion = 6.3.1;
						TestTargetID = FEEE5C881B01933F009C1280;
					};
				};
			};
			buildConfigurationList = FEEE5C841B01933F009C1280 /* Build configuration list for PBXProject "FriendlyFeed" */;
			compatibilityVersion = "Xcode 3.2";
			developmentRegion = English;
			hasScannedForEncodings = 0;
			knownRegions = (
				en,
				Base,
			);
			mainGroup = FEEE5C801B01933F009C1280;
			productRefGroup = FEEE5C8A1B01933F009C1280 /* Products */;
			projectDirPath = "";
			projectRoot = "";
			targets = (
				FEEE5C881B01933F009C1280 /* FriendlyFeed */,
				FEEE5C9D1B01933F009C1280 /* FriendlyFeedTests */,
			);
		};
/* End PBXProject section */

/* Begin PBXResourcesBuildPhase section */
		FEEE5C871B01933F009C1280 /* Resources */ = {
			isa = PBXResourcesBuildPhase;
			buildActionMask = 2147483647;
			files = (
				FEEE5CCF1B02E308009C1280 /* PhotoCell.xib in Resources */,
				FEEE5CD31B02E443009C1280 /* StatusCell.xib in Resources */,
				FEEE5C941B01933F009C1280 /* Main.storyboard in Resources */,
				FEEE5C991B01933F009C1280 /* LaunchScreen.xib in Resources */,
				FEEE5C961B01933F009C1280 /* Images.xcassets in Resources */,
			);
			runOnlyForDeploymentPostprocessing = 0;
		};
		FEEE5C9C1B01933F009C1280 /* Resources */ = {
			isa = PBXResourcesBuildPhase;
			buildActionMask = 2147483647;
			files = (
			);
			runOnlyForDeploymentPostprocessing = 0;
		};
/* End PBXResourcesBuildPhase section */

/* Begin PBXShellScriptBuildPhase section */
		28610332B44AC1CA8AECFB40 /* Copy Pods Resources */ = {
			isa = PBXShellScriptBuildPhase;
			buildActionMask = 2147483647;
			files = (
			);
			inputPaths = (
			);
			name = "Copy Pods Resources";
			outputPaths = (
			);
			runOnlyForDeploymentPostprocessing = 0;
			shellPath = /bin/sh;
			shellScript = "\"${SRCROOT}/Pods/Target Support Files/Pods/Pods-resources.sh\"\n";
			showEnvVarsInLog = 0;
		};
		AE96E82A2A81BFC89F51F0E1 /* Check Pods Manifest.lock */ = {
			isa = PBXShellScriptBuildPhase;
			buildActionMask = 2147483647;
			files = (
			);
			inputPaths = (
			);
			name = "Check Pods Manifest.lock";
			outputPaths = (
			);
			runOnlyForDeploymentPostprocessing = 0;
			shellPath = /bin/sh;
			shellScript = "diff \"${PODS_ROOT}/../Podfile.lock\" \"${PODS_ROOT}/Manifest.lock\" > /dev/null\nif [[ $? != 0 ]] ; then\n    cat << EOM\nerror: The sandbox is not in sync with the Podfile.lock. Run 'pod install' or update your CocoaPods installation.\nEOM\n    exit 1\nfi\n";
			showEnvVarsInLog = 0;
		};
/* End PBXShellScriptBuildPhase section */

/* Begin PBXSourcesBuildPhase section */
		FEEE5C851B01933F009C1280 /* Sources */ = {
			isa = PBXSourcesBuildPhase;
			buildActionMask = 2147483647;
			files = (
				FEEE5C911B01933F009C1280 /* ViewController.swift in Sources */,
				FEEE5CBC1B019C59009C1280 /* Evaluator.swift in Sources */,
				FEEE5CBF1B019C59009C1280 /* Reactor.swift in Sources */,
				FEEE5CC01B019C59009C1280 /* Store.swift in Sources */,
				FEEE5CD21B02E443009C1280 /* StatusCell.swift in Sources */,
				FEEE5CB61B019BDB009C1280 /* FeedViewController.swift in Sources */,
				FEEE5CC31B019CDE009C1280 /* Stores.swift in Sources */,
				FEEE5CCE1B02E308009C1280 /* PhotoCell.swift in Sources */,
				FEEE5C8F1B01933F009C1280 /* AppDelegate.swift in Sources */,
				FEEE5CBE1B019C59009C1280 /* Immutable.swift in Sources */,
				FEEE5CBD1B019C59009C1280 /* Getter.swift in Sources */,
			);
			runOnlyForDeploymentPostprocessing = 0;
		};
		FEEE5C9A1B01933F009C1280 /* Sources */ = {
			isa = PBXSourcesBuildPhase;
			buildActionMask = 2147483647;
			files = (
				FEEE5CA51B01933F009C1280 /* FriendlyFeedTests.swift in Sources */,
			);
			runOnlyForDeploymentPostprocessing = 0;
		};
/* End PBXSourcesBuildPhase section */

/* Begin PBXTargetDependency section */
		FEEE5CA01B01933F009C1280 /* PBXTargetDependency */ = {
			isa = PBXTargetDependency;
			target = FEEE5C881B01933F009C1280 /* FriendlyFeed */;
			targetProxy = FEEE5C9F1B01933F009C1280 /* PBXContainerItemProxy */;
		};
/* End PBXTargetDependency section */

/* Begin PBXVariantGroup section */
		FEEE5C921B01933F009C1280 /* Main.storyboard */ = {
			isa = PBXVariantGroup;
			children = (
				FEEE5C931B01933F009C1280 /* Base */,
			);
			name = Main.storyboard;
			sourceTree = "<group>";
		};
		FEEE5C971B01933F009C1280 /* LaunchScreen.xib */ = {
			isa = PBXVariantGroup;
			children = (
				FEEE5C981B01933F009C1280 /* Base */,
			);
			name = LaunchScreen.xib;
			sourceTree = "<group>";
		};
/* End PBXVariantGroup section */

/* Begin XCBuildConfiguration section */
		FEEE5CA61B01933F009C1280 /* Debug */ = {
			isa = XCBuildConfiguration;
			buildSettings = {
				ALWAYS_SEARCH_USER_PATHS = NO;
				CLANG_CXX_LANGUAGE_STANDARD = "gnu++0x";
				CLANG_CXX_LIBRARY = "libc++";
				CLANG_ENABLE_MODULES = YES;
				CLANG_ENABLE_OBJC_ARC = YES;
				CLANG_WARN_BOOL_CONVERSION = YES;
				CLANG_WARN_CONSTANT_CONVERSION = YES;
				CLANG_WARN_DIRECT_OBJC_ISA_USAGE = YES_ERROR;
				CLANG_WARN_EMPTY_BODY = YES;
				CLANG_WARN_ENUM_CONVERSION = YES;
				CLANG_WARN_INT_CONVERSION = YES;
				CLANG_WARN_OBJC_ROOT_CLASS = YES_ERROR;
				CLANG_WARN_UNREACHABLE_CODE = YES;
				CLANG_WARN__DUPLICATE_METHOD_MATCH = YES;
				"CODE_SIGN_IDENTITY[sdk=iphoneos*]" = "iPhone Developer";
				COPY_PHASE_STRIP = NO;
				DEBUG_INFORMATION_FORMAT = "dwarf-with-dsym";
				ENABLE_STRICT_OBJC_MSGSEND = YES;
				GCC_C_LANGUAGE_STANDARD = gnu99;
				GCC_DYNAMIC_NO_PIC = NO;
				GCC_NO_COMMON_BLOCKS = YES;
				GCC_OPTIMIZATION_LEVEL = 0;
				GCC_PREPROCESSOR_DEFINITIONS = (
					"DEBUG=1",
					"$(inherited)",
				);
				GCC_SYMBOLS_PRIVATE_EXTERN = NO;
				GCC_WARN_64_TO_32_BIT_CONVERSION = YES;
				GCC_WARN_ABOUT_RETURN_TYPE = YES_ERROR;
				GCC_WARN_UNDECLARED_SELECTOR = YES;
				GCC_WARN_UNINITIALIZED_AUTOS = YES_AGGRESSIVE;
				GCC_WARN_UNUSED_FUNCTION = YES;
				GCC_WARN_UNUSED_VARIABLE = YES;
				IPHONEOS_DEPLOYMENT_TARGET = 8.3;
				MTL_ENABLE_DEBUG_INFO = YES;
				ONLY_ACTIVE_ARCH = YES;
				SDKROOT = iphoneos;
				SWIFT_OPTIMIZATION_LEVEL = "-Onone";
			};
			name = Debug;
		};
		FEEE5CA71B01933F009C1280 /* Release */ = {
			isa = XCBuildConfiguration;
			buildSettings = {
				ALWAYS_SEARCH_USER_PATHS = NO;
				CLANG_CXX_LANGUAGE_STANDARD = "gnu++0x";
				CLANG_CXX_LIBRARY = "libc++";
				CLANG_ENABLE_MODULES = YES;
				CLANG_ENABLE_OBJC_ARC = YES;
				CLANG_WARN_BOOL_CONVERSION = YES;
				CLANG_WARN_CONSTANT_CONVERSION = YES;
				CLANG_WARN_DIRECT_OBJC_ISA_USAGE = YES_ERROR;
				CLANG_WARN_EMPTY_BODY = YES;
				CLANG_WARN_ENUM_CONVERSION = YES;
				CLANG_WARN_INT_CONVERSION = YES;
				CLANG_WARN_OBJC_ROOT_CLASS = YES_ERROR;
				CLANG_WARN_UNREACHABLE_CODE = YES;
				CLANG_WARN__DUPLICATE_METHOD_MATCH = YES;
				"CODE_SIGN_IDENTITY[sdk=iphoneos*]" = "iPhone Developer";
				COPY_PHASE_STRIP = NO;
				DEBUG_INFORMATION_FORMAT = "dwarf-with-dsym";
				ENABLE_NS_ASSERTIONS = NO;
				ENABLE_STRICT_OBJC_MSGSEND = YES;
				GCC_C_LANGUAGE_STANDARD = gnu99;
				GCC_NO_COMMON_BLOCKS = YES;
				GCC_WARN_64_TO_32_BIT_CONVERSION = YES;
				GCC_WARN_ABOUT_RETURN_TYPE = YES_ERROR;
				GCC_WARN_UNDECLARED_SELECTOR = YES;
				GCC_WARN_UNINITIALIZED_AUTOS = YES_AGGRESSIVE;
				GCC_WARN_UNUSED_FUNCTION = YES;
				GCC_WARN_UNUSED_VARIABLE = YES;
				IPHONEOS_DEPLOYMENT_TARGET = 8.3;
				MTL_ENABLE_DEBUG_INFO = NO;
				SDKROOT = iphoneos;
				VALIDATE_PRODUCT = YES;
			};
			name = Release;
		};
		FEEE5CA91B01933F009C1280 /* Debug */ = {
			isa = XCBuildConfiguration;
			baseConfigurationReference = 74309AC8453F19E871F8ABF0 /* Pods.debug.xcconfig */;
			buildSettings = {
				ASSETCATALOG_COMPILER_APPICON_NAME = AppIcon;
				CLANG_ENABLE_MODULES = YES;
				INFOPLIST_FILE = FriendlyFeed/Info.plist;
				LD_RUNPATH_SEARCH_PATHS = "$(inherited) @executable_path/Frameworks";
				PRODUCT_NAME = "$(TARGET_NAME)";
				SWIFT_OBJC_BRIDGING_HEADER = "FriendlyFeed/FriendlyFeed-Bridging-Header.h";
				SWIFT_OPTIMIZATION_LEVEL = "-Onone";
			};
			name = Debug;
		};
		FEEE5CAA1B01933F009C1280 /* Release */ = {
			isa = XCBuildConfiguration;
			baseConfigurationReference = 3929793341C3B6BB99B66D70 /* Pods.release.xcconfig */;
			buildSettings = {
				ASSETCATALOG_COMPILER_APPICON_NAME = AppIcon;
				CLANG_ENABLE_MODULES = YES;
				INFOPLIST_FILE = FriendlyFeed/Info.plist;
				LD_RUNPATH_SEARCH_PATHS = "$(inherited) @executable_path/Frameworks";
				PRODUCT_NAME = "$(TARGET_NAME)";
				SWIFT_OBJC_BRIDGING_HEADER = "FriendlyFeed/FriendlyFeed-Bridging-Header.h";
			};
			name = Release;
		};
		FEEE5CAC1B01933F009C1280 /* Debug */ = {
			isa = XCBuildConfiguration;
			buildSettings = {
				BUNDLE_LOADER = "$(TEST_HOST)";
				FRAMEWORK_SEARCH_PATHS = (
					"$(SDKROOT)/Developer/Library/Frameworks",
					"$(inherited)",
				);
				GCC_PREPROCESSOR_DEFINITIONS = (
					"DEBUG=1",
					"$(inherited)",
				);
				INFOPLIST_FILE = FriendlyFeedTests/Info.plist;
				LD_RUNPATH_SEARCH_PATHS = "$(inherited) @executable_path/Frameworks @loader_path/Frameworks";
				PRODUCT_NAME = "$(TARGET_NAME)";
				TEST_HOST = "$(BUILT_PRODUCTS_DIR)/FriendlyFeed.app/FriendlyFeed";
			};
			name = Debug;
		};
		FEEE5CAD1B01933F009C1280 /* Release */ = {
			isa = XCBuildConfiguration;
			buildSettings = {
				BUNDLE_LOADER = "$(TEST_HOST)";
				FRAMEWORK_SEARCH_PATHS = (
					"$(SDKROOT)/Developer/Library/Frameworks",
					"$(inherited)",
				);
				INFOPLIST_FILE = FriendlyFeedTests/Info.plist;
				LD_RUNPATH_SEARCH_PATHS = "$(inherited) @executable_path/Frameworks @loader_path/Frameworks";
				PRODUCT_NAME = "$(TARGET_NAME)";
				TEST_HOST = "$(BUILT_PRODUCTS_DIR)/FriendlyFeed.app/FriendlyFeed";
			};
			name = Release;
		};
/* End XCBuildConfiguration section */

/* Begin XCConfigurationList section */
		FEEE5C841B01933F009C1280 /* Build configuration list for PBXProject "FriendlyFeed" */ = {
			isa = XCConfigurationList;
			buildConfigurations = (
				FEEE5CA61B01933F009C1280 /* Debug */,
				FEEE5CA71B01933F009C1280 /* Release */,
			);
			defaultConfigurationIsVisible = 0;
			defaultConfigurationName = Release;
		};
		FEEE5CA81B01933F009C1280 /* Build configuration list for PBXNativeTarget "FriendlyFeed" */ = {
			isa = XCConfigurationList;
			buildConfigurations = (
				FEEE5CA91B01933F009C1280 /* Debug */,
				FEEE5CAA1B01933F009C1280 /* Release */,
			);
			defaultConfigurationIsVisible = 0;
			defaultConfigurationName = Release;
		};
		FEEE5CAB1B01933F009C1280 /* Build configuration list for PBXNativeTarget "FriendlyFeedTests" */ = {
			isa = XCConfigurationList;
			buildConfigurations = (
				FEEE5CAC1B01933F009C1280 /* Debug */,
				FEEE5CAD1B01933F009C1280 /* Release */,
			);
			defaultConfigurationIsVisible = 0;
			defaultConfigurationName = Release;
		};
/* End XCConfigurationList section */
	};
	rootObject = FEEE5C811B01933F009C1280 /* Project object */;
}
